
Microsoft Visual Studio Solution File, Format Version 12.00
# Visual Studio 15
VisualStudioVersion = 15.0.27130.2036
MinimumVisualStudioVersion = 10.0.40219.1
Project("{FAE04EC0-301F-11D3-BF4B-00C04F79EFBC}") = "Gimbal_GCS", "Gimbal_GCS\Gimbal_GCS.csproj", "{2D3C4875-7FDD-419D-8B21-66F698341783}"
EndProject
Project("{2150E333-8FDC-42A3-9474-1A3956D46DE8}") = "ExtLibs", "ExtLibs", "{959A3BA0-1A40-4B8F-9312-B3BCCF1AD214}"
EndProject
Project("{9A19103F-16F7-4668-BE54-9A1E7A4F7556}") = "GeoUtility", "ExtLibs\GeoUtility\GeoUtility.csproj", "{47354F49-8409-4629-8CA5-1F61E2AC6988}"
EndProject
Global
	GlobalSection(SolutionConfigurationPlatforms) = preSolution
		Debug|Any CPU = Debug|Any CPU
		Debug|x64 = Debug|x64
		Debug|x86 = Debug|x86
		Release|Any CPU = Release|Any CPU
		Release|x64 = Release|x64
		Release|x86 = Release|x86
	EndGlobalSection
	GlobalSection(ProjectConfigurationPlatforms) = postSolution
		{2D3C4875-7FDD-419D-8B21-66F698341783}.Debug|Any CPU.ActiveCfg = Debug|Any CPU
		{2D3C4875-7FDD-419D-8B21-66F698341783}.Debug|Any CPU.Build.0 = Debug|Any CPU
		{2D3C4875-7FDD-419D-8B21-66F698341783}.Debug|x64.ActiveCfg = Debug|Any CPU
		{2D3C4875-7FDD-419D-8B21-66F698341783}.Debug|x64.Build.0 = Debug|Any CPU
		{2D3C4875-7FDD-419D-8B21-66F698341783}.Debug|x86.ActiveCfg = Debug|Any CPU
		{2D3C4875-7FDD-419D-8B21-66F698341783}.Debug|x86.Build.0 = Debug|Any CPU
		{2D3C4875-7FDD-419D-8B21-66F698341783}.Release|Any CPU.ActiveCfg = Release|Any CPU
		{2D3C4875-7FDD-419D-8B21-66F698341783}.Release|Any CPU.Build.0 = Release|Any CPU
		{2D3C4875-7FDD-419D-8B21-66F698341783}.Release|x64.ActiveCfg = Release|Any CPU
		{2D3C4875-7FDD-419D-8B21-66F698341783}.Release|x64.Build.0 = Release|Any CPU
		{2D3C4875-7FDD-419D-8B21-66F698341783}.Release|x86.ActiveCfg = Release|Any CPU
		{2D3C4875-7FDD-419D-8B21-66F698341783}.Release|x86.Build.0 = Release|Any CPU
		{47354F49-8409-4629-8CA5-1F61E2AC6988}.Debug|Any CPU.ActiveCfg = Debug|Any CPU
		{47354F49-8409-4629-8CA5-1F61E2AC6988}.Debug|Any CPU.Build.0 = Debug|Any CPU
		{47354F49-8409-4629-8CA5-1F61E2AC6988}.Debug|x64.ActiveCfg = Debug|Any CPU
		{47354F49-8409-4629-8CA5-1F61E2AC6988}.Debug|x64.Build.0 = Debug|Any CPU
		{47354F49-8409-4629-8CA5-1F61E2AC6988}.Debug|x86.ActiveCfg = Debug|Any CPU
		{47354F49-8409-4629-8CA5-1F61E2AC6988}.Debug|x86.Build.0 = Debug|Any CPU
		{47354F49-8409-4629-8CA5-1F61E2AC6988}.Release|Any CPU.ActiveCfg = Release|Any CPU
		{47354F49-8409-4629-8CA5-1F61E2AC6988}.Release|Any CPU.Build.0 = Release|Any CPU
		{47354F49-8409-4629-8CA5-1F61E2AC6988}.Release|x64.ActiveCfg = Release|Any CPU
		{47354F49-8409-4629-8CA5-1F61E2AC6988}.Release|x64.Build.0 = Release|Any CPU
		{47354F49-8409-4629-8CA5-1F61E2AC6988}.Release|x86.ActiveCfg = Release|Any CPU
		{47354F49-8409-4629-8CA5-1F61E2AC6988}.Release|x86.Build.0 = Release|Any CPU
	EndGlobalSection
	GlobalSection(SolutionProperties) = preSolution
		HideSolutionNode = FALSE
	EndGlobalSection
	GlobalSection(NestedProjects) = preSolution
		{47354F49-8409-4629-8CA5-1F61E2AC6988} = {959A3BA0-1A40-4B8F-9312-B3BCCF1AD214}
	EndGlobalSection
	GlobalSection(ExtensibilityGlobals) = postSolution
		SolutionGuid = {8E5BBD24-9064-49FC-8B8E-AA79BE2EB2C1}
	EndGlobalSection
EndGlobal
